
Microsoft Visual Studio Solution File, Format Version 12.00
# Visual Studio Version 17
VisualStudioVersion = 17.3.32901.215
MinimumVisualStudioVersion = 10.0.40219.1
Project("{FAE04EC0-301F-11D3-BF4B-00C04F79EFBC}") = "FirstCICDDemo", "FirstCICDDemo\FirstCICDDemo.csproj", "{2CE4FB71-D184-42AE-BB6F-E99F130F06B8}"
EndProject
Global
	GlobalSection(SolutionConfigurationPlatforms) = preSolution
		Debug|Any CPU = Debug|Any CPU
		Release|Any CPU = Release|Any CPU
	EndGlobalSection
	GlobalSection(ProjectConfigurationPlatforms) = postSolution
		{2CE4FB71-D184-42AE-BB6F-E99F130F06B8}.Debug|Any CPU.ActiveCfg = Debug|Any CPU
		{2CE4FB71-D184-42AE-BB6F-E99F130F06B8}.Debug|Any CPU.Build.0 = Debug|Any CPU
		{2CE4FB71-D184-42AE-BB6F-E99F130F06B8}.Release|Any CPU.ActiveCfg = Release|Any CPU
		{2CE4FB71-D184-42AE-BB6F-E99F130F06B8}.Release|Any CPU.Build.0 = Release|Any CPU
	EndGlobalSection
	GlobalSection(SolutionProperties) = preSolution
		HideSolutionNode = FALSE
	EndGlobalSection
	GlobalSection(ExtensibilityGlobals) = postSolution
		SolutionGuid = {C1585491-AD1A-4522-B757-7C80E48A77F9}
	EndGlobalSection
EndGlobal
